
Microsoft Visual Studio Solution File, Format Version 12.00
# Visual Studio Version 16
VisualStudioVersion = 16.0.31702.278
MinimumVisualStudioVersion = 10.0.40219.1
Project("{FAE04EC0-301F-11D3-BF4B-00C04F79EFBC}") = "OOP", "OOP\OOP.csproj", "{ADF40D23-2044-4720-96AB-719C6A0415B7}"
EndProject
Global
	GlobalSection(SolutionConfigurationPlatforms) = preSolution
		Debug|Any CPU = Debug|Any CPU
		Release|Any CPU = Release|Any CPU
	EndGlobalSection
	GlobalSection(ProjectConfigurationPlatforms) = postSolution
		{ADF40D23-2044-4720-96AB-719C6A0415B7}.Debug|Any CPU.ActiveCfg = Debug|Any CPU
		{ADF40D23-2044-4720-96AB-719C6A0415B7}.Debug|Any CPU.Build.0 = Debug|Any CPU
		{ADF40D23-2044-4720-96AB-719C6A0415B7}.Release|Any CPU.ActiveCfg = Release|Any CPU
		{ADF40D23-2044-4720-96AB-719C6A0415B7}.Release|Any CPU.Build.0 = Release|Any CPU
	EndGlobalSection
	GlobalSection(SolutionProperties) = preSolution
		HideSolutionNode = FALSE
	EndGlobalSection
	GlobalSection(ExtensibilityGlobals) = postSolution
		SolutionGuid = {9CAE42D5-04D2-4923-B00F-3F0F2BD3FAEE}
	EndGlobalSection
EndGlobal
